
Microsoft Visual Studio Solution File, Format Version 12.00
# Visual Studio Version 17
VisualStudioVersion = 17.4.33213.308
MinimumVisualStudioVersion = 10.0.40219.1
Project("{FAE04EC0-301F-11D3-BF4B-00C04F79EFBC}") = "ReactTuto", "ReactTuto.csproj", "{049BCAEE-B14F-4FEB-975E-C5BBE26F26CF}"
EndProject
Global
	GlobalSection(SolutionConfigurationPlatforms) = preSolution
		Debug|Any CPU = Debug|Any CPU
		Release|Any CPU = Release|Any CPU
	EndGlobalSection
	GlobalSection(ProjectConfigurationPlatforms) = postSolution
		{049BCAEE-B14F-4FEB-975E-C5BBE26F26CF}.Debug|Any CPU.ActiveCfg = Debug|Any CPU
		{049BCAEE-B14F-4FEB-975E-C5BBE26F26CF}.Debug|Any CPU.Build.0 = Debug|Any CPU
		{049BCAEE-B14F-4FEB-975E-C5BBE26F26CF}.Release|Any CPU.ActiveCfg = Release|Any CPU
		{049BCAEE-B14F-4FEB-975E-C5BBE26F26CF}.Release|Any CPU.Build.0 = Release|Any CPU
	EndGlobalSection
	GlobalSection(SolutionProperties) = preSolution
		HideSolutionNode = FALSE
	EndGlobalSection
	GlobalSection(ExtensibilityGlobals) = postSolution
		SolutionGuid = {50E49997-85E2-49F3-8D1F-D0396B3FD2CC}
	EndGlobalSection
EndGlobal
